// !$*UTF8*$!
{
	archiveVersion = 1;
	classes = {
	};
	objectVersion = 46;
	objects = {

/* Begin PBXBuildFile section */
		93080C6D1CB6DA2000D52D9C /* main.c in Sources */ = {isa = PBXBuildFile; fileRef = 93080C6C1CB6DA2000D52D9C /* main.c */; };
		9327DE881CD8D615005AF895 /* ANSArray.c in Sources */ = {isa = PBXBuildFile; fileRef = 9327DE861CD8D615005AF895 /* ANSArray.c */; };
		939041CB1CE0B07000C16B9A /* ANSArrayTest.c in Sources */ = {isa = PBXBuildFile; fileRef = 939041C91CE0B07000C16B9A /* ANSArrayTest.c */; };
		939041CF1CE4831000C16B9A /* ANSLinkedListEnumerator.c in Sources */ = {isa = PBXBuildFile; fileRef = 939041CD1CE4831000C16B9A /* ANSLinkedListEnumerator.c */; };
		939041D31CE49A5E00C16B9A /* ANSLinkedListTest.c in Sources */ = {isa = PBXBuildFile; fileRef = 939041D11CE49A5E00C16B9A /* ANSLinkedListTest.c */; };
		939041DB1CEB417400C16B9A /* ANSAutoreleasingStack.c in Sources */ = {isa = PBXBuildFile; fileRef = 939041D91CEB417400C16B9A /* ANSAutoreleasingStack.c */; };
		939041E01CEB4E7600C16B9A /* ANSAutoreleasingStackTest.c in Sources */ = {isa = PBXBuildFile; fileRef = 939041DE1CEB4E7600C16B9A /* ANSAutoreleasingStackTest.c */; };
		93A1C6F71CDF674C001101D0 /* ANSString.c in Sources */ = {isa = PBXBuildFile; fileRef = 93A1C6F51CDF674C001101D0 /* ANSString.c */; };
		93BAD7161CCE604900B29543 /* ANSPrintFunctionValue.c in Sources */ = {isa = PBXBuildFile; fileRef = 93BAD7051CCE604900B29543 /* ANSPrintFunctionValue.c */; };
		93BAD7171CCE604900B29543 /* ANSPrintMamaPapaSolution.c in Sources */ = {isa = PBXBuildFile; fileRef = 93BAD7081CCE604900B29543 /* ANSPrintMamaPapaSolution.c */; };
		93BAD7181CCE604900B29543 /* ANSStructureTest.c in Sources */ = {isa = PBXBuildFile; fileRef = 93BAD70C1CCE604900B29543 /* ANSStructureTest.c */; };
		93BAD7291CD4B99500B29543 /* ANSHuman.c in Sources */ = {isa = PBXBuildFile; fileRef = 93BAD71E1CD4B99500B29543 /* ANSHuman.c */; };
		93BAD72A1CD4B99500B29543 /* ANSHumanTest.c in Sources */ = {isa = PBXBuildFile; fileRef = 93BAD7211CD4B99500B29543 /* ANSHumanTest.c */; };
		93BAD72B1CD4B99500B29543 /* ANSLinkedList.c in Sources */ = {isa = PBXBuildFile; fileRef = 93BAD7241CD4B99500B29543 /* ANSLinkedList.c */; };
		93BAD72C1CD4B99500B29543 /* ANSObject.c in Sources */ = {isa = PBXBuildFile; fileRef = 93BAD7271CD4B99500B29543 /* ANSObject.c */; };
		93BAD7301CD4C7A200B29543 /* ANSLinkedListNode.c in Sources */ = {isa = PBXBuildFile; fileRef = 93BAD72E1CD4C7A200B29543 /* ANSLinkedListNode.c */; };
		93E22A761CEE001D00542CC1 /* ANSAutoreleasePool.c in Sources */ = {isa = PBXBuildFile; fileRef = 93E22A741CEE001D00542CC1 /* ANSAutoreleasePool.c */; };
/* End PBXBuildFile section */

/* Begin PBXCopyFilesBuildPhase section */
		93080C671CB6DA2000D52D9C /* CopyFiles */ = {
			isa = PBXCopyFilesBuildPhase;
			buildActionMask = 2147483647;
			dstPath = /usr/share/man/man1/;
			dstSubfolderSpec = 0;
			files = (
			);
			runOnlyForDeploymentPostprocessing = 1;
		};
/* End PBXCopyFilesBuildPhase section */

/* Begin PBXFileReference section */
		93080C691CB6DA2000D52D9C /* LCHW */ = {isa = PBXFileReference; explicitFileType = "compiled.mach-o.executable"; includeInIndex = 0; path = LCHW; sourceTree = BUILT_PRODUCTS_DIR; };
		93080C6C1CB6DA2000D52D9C /* main.c */ = {isa = PBXFileReference; lastKnownFileType = sourcecode.c.c; path = main.c; sourceTree = "<group>"; };
		9327DE861CD8D615005AF895 /* ANSArray.c */ = {isa = PBXFileReference; fileEncoding = 4; lastKnownFileType = sourcecode.c.c; name = ANSArray.c; path = Source/ANSHuman/ANSArray/ANSArray.c; sourceTree = "<group>"; };
		9327DE871CD8D615005AF895 /* ANSArray.h */ = {isa = PBXFileReference; fileEncoding = 4; lastKnownFileType = sourcecode.c.h; name = ANSArray.h; path = Source/ANSHuman/ANSArray/ANSArray.h; sourceTree = "<group>"; };
		934811961CC7A9AF00708B80 /* iOS Study Plan.txt */ = {isa = PBXFileReference; fileEncoding = 4; lastKnownFileType = text; path = "iOS Study Plan.txt"; sourceTree = "<group>"; };
		939041C91CE0B07000C16B9A /* ANSArrayTest.c */ = {isa = PBXFileReference; fileEncoding = 4; lastKnownFileType = sourcecode.c.c; path = ANSArrayTest.c; sourceTree = "<group>"; };
		939041CA1CE0B07000C16B9A /* ANSArrayTest.h */ = {isa = PBXFileReference; fileEncoding = 4; lastKnownFileType = sourcecode.c.h; path = ANSArrayTest.h; sourceTree = "<group>"; };
		939041CD1CE4831000C16B9A /* ANSLinkedListEnumerator.c */ = {isa = PBXFileReference; fileEncoding = 4; lastKnownFileType = sourcecode.c.c; name = ANSLinkedListEnumerator.c; path = ANSLinkedListEnumerator/ANSLinkedListEnumerator.c; sourceTree = "<group>"; };
		939041CE1CE4831000C16B9A /* ANSLinkedListEnumerator.h */ = {isa = PBXFileReference; fileEncoding = 4; lastKnownFileType = sourcecode.c.h; name = ANSLinkedListEnumerator.h; path = ANSLinkedListEnumerator/ANSLinkedListEnumerator.h; sourceTree = "<group>"; };
		939041D11CE49A5E00C16B9A /* ANSLinkedListTest.c */ = {isa = PBXFileReference; fileEncoding = 4; lastKnownFileType = sourcecode.c.c; name = ANSLinkedListTest.c; path = ANSLinkedListTest/ANSLinkedListTest.c; sourceTree = "<group>"; };
		939041D21CE49A5E00C16B9A /* ANSLinkedListTest.h */ = {isa = PBXFileReference; fileEncoding = 4; lastKnownFileType = sourcecode.c.h; name = ANSLinkedListTest.h; path = ANSLinkedListTest/ANSLinkedListTest.h; sourceTree = "<group>"; };
		939041D61CE8E7B300C16B9A /* ANSLinkedListEnumeratorPrivate.h */ = {isa = PBXFileReference; lastKnownFileType = sourcecode.c.h; path = ANSLinkedListEnumeratorPrivate.h; sourceTree = "<group>"; };
		939041D91CEB417400C16B9A /* ANSAutoreleasingStack.c */ = {isa = PBXFileReference; fileEncoding = 4; lastKnownFileType = sourcecode.c.c; name = ANSAutoreleasingStack.c; path = Source/IDPAutoreleasingStack/ANSAutoreleasingStack.c; sourceTree = "<group>"; };
		939041DA1CEB417400C16B9A /* ANSAutoreleasingStack.h */ = {isa = PBXFileReference; fileEncoding = 4; lastKnownFileType = sourcecode.c.h; name = ANSAutoreleasingStack.h; path = Source/IDPAutoreleasingStack/ANSAutoreleasingStack.h; sourceTree = "<group>"; };
		939041DE1CEB4E7600C16B9A /* ANSAutoreleasingStackTest.c */ = {isa = PBXFileReference; fileEncoding = 4; lastKnownFileType = sourcecode.c.c; name = ANSAutoreleasingStackTest.c; path = Source/IDPAutoreleasingStack/IDPAutoreleasingStack/ANSAutoreleasingStackTest.c; sourceTree = "<group>"; };
		939041DF1CEB4E7600C16B9A /* ANSAutoreleasingStackTest.h */ = {isa = PBXFileReference; fileEncoding = 4; lastKnownFileType = sourcecode.c.h; name = ANSAutoreleasingStackTest.h; path = Source/IDPAutoreleasingStack/IDPAutoreleasingStack/ANSAutoreleasingStackTest.h; sourceTree = "<group>"; };
		93A1C6F51CDF674C001101D0 /* ANSString.c */ = {isa = PBXFileReference; fileEncoding = 4; lastKnownFileType = sourcecode.c.c; name = ANSString.c; path = Source/ANSHuman/ANSString/ANSString.c; sourceTree = "<group>"; };
		93A1C6F61CDF674C001101D0 /* ANSString.h */ = {isa = PBXFileReference; fileEncoding = 4; lastKnownFileType = sourcecode.c.h; name = ANSString.h; path = Source/ANSHuman/ANSString/ANSString.h; sourceTree = "<group>"; };
		93BAD7041CCE604900B29543 /* ANSMacrosDeclaration.h */ = {isa = PBXFileReference; fileEncoding = 4; lastKnownFileType = sourcecode.c.h; path = ANSMacrosDeclaration.h; sourceTree = "<group>"; };
		93BAD7051CCE604900B29543 /* ANSPrintFunctionValue.c */ = {isa = PBXFileReference; fileEncoding = 4; lastKnownFileType = sourcecode.c.c; path = ANSPrintFunctionValue.c; sourceTree = "<group>"; };
		93BAD7061CCE604900B29543 /* ANSPrintFunctionValue.h */ = {isa = PBXFileReference; fileEncoding = 4; lastKnownFileType = sourcecode.c.h; path = ANSPrintFunctionValue.h; sourceTree = "<group>"; };
		93BAD7081CCE604900B29543 /* ANSPrintMamaPapaSolution.c */ = {isa = PBXFileReference; fileEncoding = 4; lastKnownFileType = sourcecode.c.c; path = ANSPrintMamaPapaSolution.c; sourceTree = "<group>"; };
		93BAD7091CCE604900B29543 /* ANSPrintMamaPapaSolution.h */ = {isa = PBXFileReference; fileEncoding = 4; lastKnownFileType = sourcecode.c.h; path = ANSPrintMamaPapaSolution.h; sourceTree = "<group>"; };
		93BAD70C1CCE604900B29543 /* ANSStructureTest.c */ = {isa = PBXFileReference; fileEncoding = 4; lastKnownFileType = sourcecode.c.c; path = ANSStructureTest.c; sourceTree = "<group>"; };
		93BAD70D1CCE604900B29543 /* ANSStructureTest.h */ = {isa = PBXFileReference; fileEncoding = 4; lastKnownFileType = sourcecode.c.h; path = ANSStructureTest.h; sourceTree = "<group>"; };
		93BAD71E1CD4B99500B29543 /* ANSHuman.c */ = {isa = PBXFileReference; fileEncoding = 4; lastKnownFileType = sourcecode.c.c; path = ANSHuman.c; sourceTree = "<group>"; };
		93BAD71F1CD4B99500B29543 /* ANSHuman.h */ = {isa = PBXFileReference; fileEncoding = 4; lastKnownFileType = sourcecode.c.h; path = ANSHuman.h; sourceTree = "<group>"; };
		93BAD7211CD4B99500B29543 /* ANSHumanTest.c */ = {isa = PBXFileReference; fileEncoding = 4; lastKnownFileType = sourcecode.c.c; path = ANSHumanTest.c; sourceTree = "<group>"; };
		93BAD7221CD4B99500B29543 /* ANSHumanTest.h */ = {isa = PBXFileReference; fileEncoding = 4; lastKnownFileType = sourcecode.c.h; path = ANSHumanTest.h; sourceTree = "<group>"; };
		93BAD7241CD4B99500B29543 /* ANSLinkedList.c */ = {isa = PBXFileReference; fileEncoding = 4; lastKnownFileType = sourcecode.c.c; path = ANSLinkedList.c; sourceTree = "<group>"; };
		93BAD7251CD4B99500B29543 /* ANSLinkedList.h */ = {isa = PBXFileReference; fileEncoding = 4; lastKnownFileType = sourcecode.c.h; path = ANSLinkedList.h; sourceTree = "<group>"; };
		93BAD7271CD4B99500B29543 /* ANSObject.c */ = {isa = PBXFileReference; fileEncoding = 4; lastKnownFileType = sourcecode.c.c; path = ANSObject.c; sourceTree = "<group>"; };
		93BAD7281CD4B99500B29543 /* ANSObject.h */ = {isa = PBXFileReference; fileEncoding = 4; lastKnownFileType = sourcecode.c.h; path = ANSObject.h; sourceTree = "<group>"; };
		93BAD72E1CD4C7A200B29543 /* ANSLinkedListNode.c */ = {isa = PBXFileReference; fileEncoding = 4; lastKnownFileType = sourcecode.c.c; name = ANSLinkedListNode.c; path = ANSLinkedListNode/ANSLinkedListNode.c; sourceTree = "<group>"; };
		93BAD72F1CD4C7A200B29543 /* ANSLinkedListNode.h */ = {isa = PBXFileReference; fileEncoding = 4; lastKnownFileType = sourcecode.c.h; name = ANSLinkedListNode.h; path = ANSLinkedListNode/ANSLinkedListNode.h; sourceTree = "<group>"; };
		93E22A731CECD54B00542CC1 /* ANSLinkedListPrivate.h */ = {isa = PBXFileReference; fileEncoding = 4; lastKnownFileType = sourcecode.c.h; path = ANSLinkedListPrivate.h; sourceTree = "<group>"; };
		93E22A741CEE001D00542CC1 /* ANSAutoreleasePool.c */ = {isa = PBXFileReference; fileEncoding = 4; lastKnownFileType = sourcecode.c.c; name = ANSAutoreleasePool.c; path = Source/IDPAutoreleasingStack/ANSAutoreleasePool/ANSAutoreleasePool.c; sourceTree = "<group>"; };
		93E22A751CEE001D00542CC1 /* ANSAutoreleasePool.h */ = {isa = PBXFileReference; fileEncoding = 4; lastKnownFileType = sourcecode.c.h; name = ANSAutoreleasePool.h; path = Source/IDPAutoreleasingStack/ANSAutoreleasePool/ANSAutoreleasePool.h; sourceTree = "<group>"; };
/* End PBXFileReference section */

/* Begin PBXFrameworksBuildPhase section */
		93080C661CB6DA2000D52D9C /* Frameworks */ = {
			isa = PBXFrameworksBuildPhase;
			buildActionMask = 2147483647;
			files = (
			);
			runOnlyForDeploymentPostprocessing = 0;
		};
/* End PBXFrameworksBuildPhase section */

/* Begin PBXGroup section */
		93080C601CB6DA2000D52D9C = {
			isa = PBXGroup;
			children = (
				934811961CC7A9AF00708B80 /* iOS Study Plan.txt */,
				93BAD6F21CCE604900B29543 /* Source */,
				93080C6B1CB6DA2000D52D9C /* LCHW */,
				93080C6A1CB6DA2000D52D9C /* Products */,
			);
			sourceTree = "<group>";
		};
		93080C6A1CB6DA2000D52D9C /* Products */ = {
			isa = PBXGroup;
			children = (
				93080C691CB6DA2000D52D9C /* LCHW */,
			);
			name = Products;
			sourceTree = "<group>";
		};
		93080C6B1CB6DA2000D52D9C /* LCHW */ = {
			isa = PBXGroup;
			children = (
				93080C6C1CB6DA2000D52D9C /* main.c */,
			);
			path = LCHW;
			sourceTree = "<group>";
		};
		9327DE891CD8D622005AF895 /* ANSArray */ = {
			isa = PBXGroup;
			children = (
				9327DE871CD8D615005AF895 /* ANSArray.h */,
				9327DE861CD8D615005AF895 /* ANSArray.c */,
				939041C81CE0B07000C16B9A /* ANSArrayTest */,
			);
			name = ANSArray;
			path = ../..;
			sourceTree = "<group>";
		};
		939041C81CE0B07000C16B9A /* ANSArrayTest */ = {
			isa = PBXGroup;
			children = (
				939041CA1CE0B07000C16B9A /* ANSArrayTest.h */,
				939041C91CE0B07000C16B9A /* ANSArrayTest.c */,
			);
			name = ANSArrayTest;
			path = Source/ANSHuman/ANSArray/ANSArrayTest;
			sourceTree = "<group>";
		};
		939041CC1CE482C600C16B9A /* ANSLinkedListEnumerator */ = {
			isa = PBXGroup;
			children = (
				939041CE1CE4831000C16B9A /* ANSLinkedListEnumerator.h */,
				939041CD1CE4831000C16B9A /* ANSLinkedListEnumerator.c */,
				939041D61CE8E7B300C16B9A /* ANSLinkedListEnumeratorPrivate.h */,
			);
			name = ANSLinkedListEnumerator;
			sourceTree = "<group>";
		};
		939041D01CE49A2A00C16B9A /* ANSLinkedListTest */ = {
			isa = PBXGroup;
			children = (
				939041D21CE49A5E00C16B9A /* ANSLinkedListTest.h */,
				939041D11CE49A5E00C16B9A /* ANSLinkedListTest.c */,
			);
			name = ANSLinkedListTest;
			sourceTree = "<group>";
		};
		939041D81CE9FB5D00C16B9A /* ANSLinkedList */ = {
			isa = PBXGroup;
			children = (
				93BAD7251CD4B99500B29543 /* ANSLinkedList.h */,
				93BAD7241CD4B99500B29543 /* ANSLinkedList.c */,
				93E22A731CECD54B00542CC1 /* ANSLinkedListPrivate.h */,
			);
			name = ANSLinkedList;
			sourceTree = "<group>";
		};
		939041DC1CEB417A00C16B9A /* ANSAutoreleasingStack */ = {
			isa = PBXGroup;
			children = (
				939041DA1CEB417400C16B9A /* ANSAutoreleasingStack.h */,
				939041D91CEB417400C16B9A /* ANSAutoreleasingStack.c */,
				939041DD1CEB4E5F00C16B9A /* IDPAutoreleasingStackTest */,
			);
			name = ANSAutoreleasingStack;
			sourceTree = "<group>";
		};
		939041DD1CEB4E5F00C16B9A /* IDPAutoreleasingStackTest */ = {
			isa = PBXGroup;
			children = (
				939041DF1CEB4E7600C16B9A /* ANSAutoreleasingStackTest.h */,
				939041DE1CEB4E7600C16B9A /* ANSAutoreleasingStackTest.c */,
			);
			name = IDPAutoreleasingStackTest;
			sourceTree = "<group>";
		};
		93A1C6F81CDF6757001101D0 /* ANSString */ = {
			isa = PBXGroup;
			children = (
				93A1C6F61CDF674C001101D0 /* ANSString.h */,
				93A1C6F51CDF674C001101D0 /* ANSString.c */,
			);
			name = ANSString;
			path = ../..;
			sourceTree = "<group>";
		};
		93BAD6F21CCE604900B29543 /* Source */ = {
			isa = PBXGroup;
			children = (
				93BAD7031CCE604900B29543 /* ANSMacrosDeclaration */,
				93BAD7071CCE604900B29543 /* ANSPrintMamaPapaSolution */,
				93BAD70A1CCE604900B29543 /* ANSStructureTest */,
				93BAD6F31CCE604900B29543 /* ANSHuman */,
				93E22A771CEE002500542CC1 /* ANSAutoreleasePool */,
			);
			path = Source;
			sourceTree = "<group>";
		};
		93BAD6F31CCE604900B29543 /* ANSHuman */ = {
			isa = PBXGroup;
			children = (
				93BAD7261CD4B99500B29543 /* ASNObject */,
				93A1C6F81CDF6757001101D0 /* ANSString */,
				9327DE891CD8D622005AF895 /* ANSArray */,
				93BAD71D1CD4B99500B29543 /* ANSHuman */,
				93BAD7231CD4B99500B29543 /* ANSLinkedList */,
			);
			path = ANSHuman;
			sourceTree = "<group>";
		};
		93BAD7031CCE604900B29543 /* ANSMacrosDeclaration */ = {
			isa = PBXGroup;
			children = (
				93BAD7041CCE604900B29543 /* ANSMacrosDeclaration.h */,
				93BAD7051CCE604900B29543 /* ANSPrintFunctionValue.c */,
				93BAD7061CCE604900B29543 /* ANSPrintFunctionValue.h */,
			);
			path = ANSMacrosDeclaration;
			sourceTree = "<group>";
		};
		93BAD7071CCE604900B29543 /* ANSPrintMamaPapaSolution */ = {
			isa = PBXGroup;
			children = (
				93BAD7081CCE604900B29543 /* ANSPrintMamaPapaSolution.c */,
				93BAD7091CCE604900B29543 /* ANSPrintMamaPapaSolution.h */,
			);
			path = ANSPrintMamaPapaSolution;
			sourceTree = "<group>";
		};
		93BAD70A1CCE604900B29543 /* ANSStructureTest */ = {
			isa = PBXGroup;
			children = (
				93BAD70B1CCE604900B29543 /* ANSStructureTest */,
			);
			path = ANSStructureTest;
			sourceTree = "<group>";
		};
		93BAD70B1CCE604900B29543 /* ANSStructureTest */ = {
			isa = PBXGroup;
			children = (
				93BAD70C1CCE604900B29543 /* ANSStructureTest.c */,
				93BAD70D1CCE604900B29543 /* ANSStructureTest.h */,
			);
			path = ANSStructureTest;
			sourceTree = "<group>";
		};
		93BAD71D1CD4B99500B29543 /* ANSHuman */ = {
			isa = PBXGroup;
			children = (
				93BAD7201CD4B99500B29543 /* ANSHumanTest */,
				93BAD71F1CD4B99500B29543 /* ANSHuman.h */,
				93BAD71E1CD4B99500B29543 /* ANSHuman.c */,
			);
			path = ANSHuman;
			sourceTree = "<group>";
		};
		93BAD7201CD4B99500B29543 /* ANSHumanTest */ = {
			isa = PBXGroup;
			children = (
				93BAD7221CD4B99500B29543 /* ANSHumanTest.h */,
				93BAD7211CD4B99500B29543 /* ANSHumanTest.c */,
			);
			name = ANSHumanTest;
			path = Source/ANSHuman/ANSHumanTest;
			sourceTree = SOURCE_ROOT;
		};
		93BAD7231CD4B99500B29543 /* ANSLinkedList */ = {
			isa = PBXGroup;
			children = (
				939041D81CE9FB5D00C16B9A /* ANSLinkedList */,
				93BAD72D1CD4C75500B29543 /* ANSLinkedListNode */,
				939041CC1CE482C600C16B9A /* ANSLinkedListEnumerator */,
				939041D01CE49A2A00C16B9A /* ANSLinkedListTest */,
			);
			path = ANSLinkedList;
			sourceTree = "<group>";
		};
		93BAD7261CD4B99500B29543 /* ASNObject */ = {
			isa = PBXGroup;
			children = (
				93BAD7281CD4B99500B29543 /* ANSObject.h */,
				93BAD7271CD4B99500B29543 /* ANSObject.c */,
			);
			path = ASNObject;
			sourceTree = "<group>";
		};
		93BAD72D1CD4C75500B29543 /* ANSLinkedListNode */ = {
			isa = PBXGroup;
			children = (
				93BAD72F1CD4C7A200B29543 /* ANSLinkedListNode.h */,
				93BAD72E1CD4C7A200B29543 /* ANSLinkedListNode.c */,
			);
			name = ANSLinkedListNode;
			sourceTree = "<group>";
		};
		93E22A771CEE002500542CC1 /* ANSAutoreleasePool */ = {
			isa = PBXGroup;
			children = (
				93E22A751CEE001D00542CC1 /* ANSAutoreleasePool.h */,
				93E22A741CEE001D00542CC1 /* ANSAutoreleasePool.c */,
				939041DC1CEB417A00C16B9A /* ANSAutoreleasingStack */,
			);
			name = ANSAutoreleasePool;
			path = ..;
			sourceTree = "<group>";
		};
/* End PBXGroup section */

/* Begin PBXNativeTarget section */
		93080C681CB6DA2000D52D9C /* LCHW */ = {
			isa = PBXNativeTarget;
			buildConfigurationList = 93080C701CB6DA2000D52D9C /* Build configuration list for PBXNativeTarget "LCHW" */;
			buildPhases = (
				93080C651CB6DA2000D52D9C /* Sources */,
				93080C661CB6DA2000D52D9C /* Frameworks */,
				93080C671CB6DA2000D52D9C /* CopyFiles */,
			);
			buildRules = (
			);
			dependencies = (
			);
			name = LCHW;
			productName = LCHW;
			productReference = 93080C691CB6DA2000D52D9C /* LCHW */;
			productType = "com.apple.product-type.tool";
		};
/* End PBXNativeTarget section */

/* Begin PBXProject section */
		93080C611CB6DA2000D52D9C /* Project object */ = {
			isa = PBXProject;
			attributes = {
				LastUpgradeCheck = 0720;
				ORGANIZATIONNAME = Anfriiev.Mykola;
				TargetAttributes = {
					93080C681CB6DA2000D52D9C = {
						CreatedOnToolsVersion = 7.2.1;
					};
				};
			};
			buildConfigurationList = 93080C641CB6DA2000D52D9C /* Build configuration list for PBXProject "LCHW" */;
			compatibilityVersion = "Xcode 3.2";
			developmentRegion = English;
			hasScannedForEncodings = 0;
			knownRegions = (
				en,
			);
			mainGroup = 93080C601CB6DA2000D52D9C;
			productRefGroup = 93080C6A1CB6DA2000D52D9C /* Products */;
			projectDirPath = "";
			projectRoot = "";
			targets = (
				93080C681CB6DA2000D52D9C /* LCHW */,
			);
		};
/* End PBXProject section */

/* Begin PBXSourcesBuildPhase section */
		93080C651CB6DA2000D52D9C /* Sources */ = {
			isa = PBXSourcesBuildPhase;
			buildActionMask = 2147483647;
			files = (
				9327DE881CD8D615005AF895 /* ANSArray.c in Sources */,
				93BAD72A1CD4B99500B29543 /* ANSHumanTest.c in Sources */,
				939041DB1CEB417400C16B9A /* ANSAutoreleasingStack.c in Sources */,
				93BAD7291CD4B99500B29543 /* ANSHuman.c in Sources */,
				93A1C6F71CDF674C001101D0 /* ANSString.c in Sources */,
				939041CB1CE0B07000C16B9A /* ANSArrayTest.c in Sources */,
				93E22A761CEE001D00542CC1 /* ANSAutoreleasePool.c in Sources */,
				93BAD7161CCE604900B29543 /* ANSPrintFunctionValue.c in Sources */,
				93BAD7301CD4C7A200B29543 /* ANSLinkedListNode.c in Sources */,
				939041D31CE49A5E00C16B9A /* ANSLinkedListTest.c in Sources */,
				93080C6D1CB6DA2000D52D9C /* main.c in Sources */,
				93BAD7171CCE604900B29543 /* ANSPrintMamaPapaSolution.c in Sources */,
				93BAD72C1CD4B99500B29543 /* ANSObject.c in Sources */,
				93BAD7181CCE604900B29543 /* ANSStructureTest.c in Sources */,
				939041CF1CE4831000C16B9A /* ANSLinkedListEnumerator.c in Sources */,
				939041E01CEB4E7600C16B9A /* ANSAutoreleasingStackTest.c in Sources */,
				93BAD72B1CD4B99500B29543 /* ANSLinkedList.c in Sources */,
			);
			runOnlyForDeploymentPostprocessing = 0;
		};
/* End PBXSourcesBuildPhase section */

/* Begin XCBuildConfiguration section */
		93080C6E1CB6DA2000D52D9C /* Debug */ = {
			isa = XCBuildConfiguration;
			buildSettings = {
				ALWAYS_SEARCH_USER_PATHS = NO;
				CLANG_CXX_LANGUAGE_STANDARD = "gnu++0x";
				CLANG_CXX_LIBRARY = "libc++";
				CLANG_ENABLE_MODULES = YES;
				CLANG_ENABLE_OBJC_ARC = YES;
				CLANG_WARN_BOOL_CONVERSION = YES;
				CLANG_WARN_CONSTANT_CONVERSION = YES;
				CLANG_WARN_DIRECT_OBJC_ISA_USAGE = YES_ERROR;
				CLANG_WARN_EMPTY_BODY = YES;
				CLANG_WARN_ENUM_CONVERSION = YES;
				CLANG_WARN_INT_CONVERSION = YES;
				CLANG_WARN_OBJC_ROOT_CLASS = YES_ERROR;
				CLANG_WARN_UNREACHABLE_CODE = YES;
				CLANG_WARN__DUPLICATE_METHOD_MATCH = YES;
				CODE_SIGN_IDENTITY = "-";
				COPY_PHASE_STRIP = NO;
				DEBUG_INFORMATION_FORMAT = dwarf;
				ENABLE_STRICT_OBJC_MSGSEND = YES;
				ENABLE_TESTABILITY = YES;
				GCC_C_LANGUAGE_STANDARD = gnu99;
				GCC_DYNAMIC_NO_PIC = NO;
				GCC_NO_COMMON_BLOCKS = YES;
				GCC_OPTIMIZATION_LEVEL = 0;
				GCC_PREPROCESSOR_DEFINITIONS = (
					"DEBUG=1",
					"$(inherited)",
				);
				GCC_WARN_64_TO_32_BIT_CONVERSION = YES;
				GCC_WARN_ABOUT_RETURN_TYPE = YES_ERROR;
				GCC_WARN_UNDECLARED_SELECTOR = YES;
				GCC_WARN_UNINITIALIZED_AUTOS = YES_AGGRESSIVE;
				GCC_WARN_UNUSED_FUNCTION = YES;
				GCC_WARN_UNUSED_VARIABLE = YES;
				MACOSX_DEPLOYMENT_TARGET = 10.10;
				MTL_ENABLE_DEBUG_INFO = YES;
				ONLY_ACTIVE_ARCH = YES;
				SDKROOT = macosx;
			};
			name = Debug;
		};
		93080C6F1CB6DA2000D52D9C /* Release */ = {
			isa = XCBuildConfiguration;
			buildSettings = {
				ALWAYS_SEARCH_USER_PATHS = NO;
				CLANG_CXX_LANGUAGE_STANDARD = "gnu++0x";
				CLANG_CXX_LIBRARY = "libc++";
				CLANG_ENABLE_MODULES = YES;
				CLANG_ENABLE_OBJC_ARC = YES;
				CLANG_WARN_BOOL_CONVERSION = YES;
				CLANG_WARN_CONSTANT_CONVERSION = YES;
				CLANG_WARN_DIRECT_OBJC_ISA_USAGE = YES_ERROR;
				CLANG_WARN_EMPTY_BODY = YES;
				CLANG_WARN_ENUM_CONVERSION = YES;
				CLANG_WARN_INT_CONVERSION = YES;
				CLANG_WARN_OBJC_ROOT_CLASS = YES_ERROR;
				CLANG_WARN_UNREACHABLE_CODE = YES;
				CLANG_WARN__DUPLICATE_METHOD_MATCH = YES;
				CODE_SIGN_IDENTITY = "-";
				COPY_PHASE_STRIP = NO;
				DEBUG_INFORMATION_FORMAT = "dwarf-with-dsym";
				ENABLE_NS_ASSERTIONS = NO;
				ENABLE_STRICT_OBJC_MSGSEND = YES;
				GCC_C_LANGUAGE_STANDARD = gnu99;
				GCC_NO_COMMON_BLOCKS = YES;
				GCC_WARN_64_TO_32_BIT_CONVERSION = YES;
				GCC_WARN_ABOUT_RETURN_TYPE = YES_ERROR;
				GCC_WARN_UNDECLARED_SELECTOR = YES;
				GCC_WARN_UNINITIALIZED_AUTOS = YES_AGGRESSIVE;
				GCC_WARN_UNUSED_FUNCTION = YES;
				GCC_WARN_UNUSED_VARIABLE = YES;
				MACOSX_DEPLOYMENT_TARGET = 10.10;
				MTL_ENABLE_DEBUG_INFO = NO;
				SDKROOT = macosx;
			};
			name = Release;
		};
		93080C711CB6DA2000D52D9C /* Debug */ = {
			isa = XCBuildConfiguration;
			buildSettings = {
				PRODUCT_NAME = "$(TARGET_NAME)";
			};
			name = Debug;
		};
		93080C721CB6DA2000D52D9C /* Release */ = {
			isa = XCBuildConfiguration;
			buildSettings = {
				PRODUCT_NAME = "$(TARGET_NAME)";
			};
			name = Release;
		};
/* End XCBuildConfiguration section */

/* Begin XCConfigurationList section */
		93080C641CB6DA2000D52D9C /* Build configuration list for PBXProject "LCHW" */ = {
			isa = XCConfigurationList;
			buildConfigurations = (
				93080C6E1CB6DA2000D52D9C /* Debug */,
				93080C6F1CB6DA2000D52D9C /* Release */,
			);
			defaultConfigurationIsVisible = 0;
			defaultConfigurationName = Release;
		};
		93080C701CB6DA2000D52D9C /* Build configuration list for PBXNativeTarget "LCHW" */ = {
			isa = XCConfigurationList;
			buildConfigurations = (
				93080C711CB6DA2000D52D9C /* Debug */,
				93080C721CB6DA2000D52D9C /* Release */,
			);
			defaultConfigurationIsVisible = 0;
			defaultConfigurationName = Release;
		};
/* End XCConfigurationList section */
	};
	rootObject = 93080C611CB6DA2000D52D9C /* Project object */;
}
