// !$*UTF8*$!
{
	archiveVersion = 1;
	classes = {
	};
	objectVersion = 46;
	objects = {

/* Begin PBXBuildFile section */
		931D0F111CFC81B500DF749C /* ANSCreatureTest.m in Sources */ = {isa = PBXBuildFile; fileRef = 931D0F101CFC81B500DF749C /* ANSCreatureTest.m */; };
		931DCEAA1CF87DD600358C7E /* main.m in Sources */ = {isa = PBXBuildFile; fileRef = 931DCEA91CF87DD600358C7E /* main.m */; };
		931DCEEA1CF87E7A00358C7E /* main.c in Sources */ = {isa = PBXBuildFile; fileRef = 931DCEB01CF87E7A00358C7E /* main.c */; };
		931DCEEB1CF87E7A00358C7E /* ANSArray.c in Sources */ = {isa = PBXBuildFile; fileRef = 931DCEB41CF87E7A00358C7E /* ANSArray.c */; };
		931DCEEC1CF87E7A00358C7E /* ANSArrayTest.c in Sources */ = {isa = PBXBuildFile; fileRef = 931DCEB71CF87E7A00358C7E /* ANSArrayTest.c */; };
		931DCEED1CF87E7A00358C7E /* ANSHuman.c in Sources */ = {isa = PBXBuildFile; fileRef = 931DCEBA1CF87E7A00358C7E /* ANSHuman.c */; };
		931DCEEE1CF87E7A00358C7E /* ANSHumanTest.c in Sources */ = {isa = PBXBuildFile; fileRef = 931DCEBD1CF87E7A00358C7E /* ANSHumanTest.c */; };
		931DCEEF1CF87E7A00358C7E /* ANSLinkedList.c in Sources */ = {isa = PBXBuildFile; fileRef = 931DCEC01CF87E7A00358C7E /* ANSLinkedList.c */; };
		931DCEF01CF87E7A00358C7E /* ANSLinkedListEnumerator.c in Sources */ = {isa = PBXBuildFile; fileRef = 931DCEC31CF87E7A00358C7E /* ANSLinkedListEnumerator.c */; };
		931DCEF11CF87E7A00358C7E /* ANSLinkedListNode.c in Sources */ = {isa = PBXBuildFile; fileRef = 931DCEC71CF87E7A00358C7E /* ANSLinkedListNode.c */; };
		931DCEF21CF87E7A00358C7E /* ANSLinkedListTest.c in Sources */ = {isa = PBXBuildFile; fileRef = 931DCECB1CF87E7A00358C7E /* ANSLinkedListTest.c */; };
		931DCEF31CF87E7A00358C7E /* ANSString.c in Sources */ = {isa = PBXBuildFile; fileRef = 931DCECE1CF87E7A00358C7E /* ANSString.c */; };
		931DCEF41CF87E7A00358C7E /* ANSObject.c in Sources */ = {isa = PBXBuildFile; fileRef = 931DCED11CF87E7A00358C7E /* ANSObject.c */; };
		931DCEF51CF87E7A00358C7E /* ANSPrintFunctionValue.c in Sources */ = {isa = PBXBuildFile; fileRef = 931DCED51CF87E7A00358C7E /* ANSPrintFunctionValue.c */; };
		931DCEF61CF87E7A00358C7E /* ANSPrintMamaPapaSolution.c in Sources */ = {isa = PBXBuildFile; fileRef = 931DCED81CF87E7A00358C7E /* ANSPrintMamaPapaSolution.c */; };
		931DCEF71CF87E7A00358C7E /* ANSStructureTest.c in Sources */ = {isa = PBXBuildFile; fileRef = 931DCEDC1CF87E7A00358C7E /* ANSStructureTest.c */; };
		931DCEF81CF87E7A00358C7E /* ANSTest.c in Sources */ = {isa = PBXBuildFile; fileRef = 931DCEDF1CF87E7A00358C7E /* ANSTest.c */; };
		931DCEF91CF87E7A00358C7E /* ANSAutoreleasePool.c in Sources */ = {isa = PBXBuildFile; fileRef = 931DCEE31CF87E7A00358C7E /* ANSAutoreleasePool.c */; };
		931DCEFA1CF87E7A00358C7E /* ANSAutoreleasingStack.c in Sources */ = {isa = PBXBuildFile; fileRef = 931DCEE51CF87E7A00358C7E /* ANSAutoreleasingStack.c */; };
		931DCEFB1CF87E7A00358C7E /* ANSAutoreleasingStackTest.c in Sources */ = {isa = PBXBuildFile; fileRef = 931DCEE81CF87E7A00358C7E /* ANSAutoreleasingStackTest.c */; };
		931DCF051CF9B8D500358C7E /* ANSSyntaxTest.m in Sources */ = {isa = PBXBuildFile; fileRef = 931DCF041CF9B8D500358C7E /* ANSSyntaxTest.m */; };
		931DCF081CFC192600358C7E /* ANSCreature.m in Sources */ = {isa = PBXBuildFile; fileRef = 931DCF071CFC192600358C7E /* ANSCreature.m */; };
/* End PBXBuildFile section */

/* Begin PBXCopyFilesBuildPhase section */
		93080C671CB6DA2000D52D9C /* CopyFiles */ = {
			isa = PBXCopyFilesBuildPhase;
			buildActionMask = 2147483647;
			dstPath = /usr/share/man/man1/;
			dstSubfolderSpec = 0;
			files = (
			);
			runOnlyForDeploymentPostprocessing = 1;
		};
		931DCEA51CF87DD600358C7E /* CopyFiles */ = {
			isa = PBXCopyFilesBuildPhase;
			buildActionMask = 2147483647;
			dstPath = /usr/share/man/man1/;
			dstSubfolderSpec = 0;
			files = (
			);
			runOnlyForDeploymentPostprocessing = 1;
		};
/* End PBXCopyFilesBuildPhase section */

/* Begin PBXFileReference section */
		93080C691CB6DA2000D52D9C /* LCHW */ = {isa = PBXFileReference; explicitFileType = "compiled.mach-o.executable"; includeInIndex = 0; path = LCHW; sourceTree = BUILT_PRODUCTS_DIR; };
		931D0F0F1CFC81B500DF749C /* ANSCreatureTest.h */ = {isa = PBXFileReference; fileEncoding = 4; lastKnownFileType = sourcecode.c.h; name = ANSCreatureTest.h; path = "Objective-c/ANSCreature/ANSCreatureTest/ANSCreatureTest.h"; sourceTree = "<group>"; };
		931D0F101CFC81B500DF749C /* ANSCreatureTest.m */ = {isa = PBXFileReference; fileEncoding = 4; lastKnownFileType = sourcecode.c.objc; name = ANSCreatureTest.m; path = "Objective-c/ANSCreature/ANSCreatureTest/ANSCreatureTest.m"; sourceTree = "<group>"; };
		931DCEA71CF87DD600358C7E /* Objective-c */ = {isa = PBXFileReference; explicitFileType = "compiled.mach-o.executable"; includeInIndex = 0; path = "Objective-c"; sourceTree = BUILT_PRODUCTS_DIR; };
		931DCEA91CF87DD600358C7E /* main.m */ = {isa = PBXFileReference; lastKnownFileType = sourcecode.c.objc; path = main.m; sourceTree = "<group>"; };
		931DCEB01CF87E7A00358C7E /* main.c */ = {isa = PBXFileReference; fileEncoding = 4; lastKnownFileType = sourcecode.c.c; path = main.c; sourceTree = "<group>"; };
		931DCEB41CF87E7A00358C7E /* ANSArray.c */ = {isa = PBXFileReference; fileEncoding = 4; lastKnownFileType = sourcecode.c.c; path = ANSArray.c; sourceTree = "<group>"; };
		931DCEB51CF87E7A00358C7E /* ANSArray.h */ = {isa = PBXFileReference; fileEncoding = 4; lastKnownFileType = sourcecode.c.h; path = ANSArray.h; sourceTree = "<group>"; };
		931DCEB71CF87E7A00358C7E /* ANSArrayTest.c */ = {isa = PBXFileReference; fileEncoding = 4; lastKnownFileType = sourcecode.c.c; path = ANSArrayTest.c; sourceTree = "<group>"; };
		931DCEB81CF87E7A00358C7E /* ANSArrayTest.h */ = {isa = PBXFileReference; fileEncoding = 4; lastKnownFileType = sourcecode.c.h; path = ANSArrayTest.h; sourceTree = "<group>"; };
		931DCEBA1CF87E7A00358C7E /* ANSHuman.c */ = {isa = PBXFileReference; fileEncoding = 4; lastKnownFileType = sourcecode.c.c; path = ANSHuman.c; sourceTree = "<group>"; };
		931DCEBB1CF87E7A00358C7E /* ANSHuman.h */ = {isa = PBXFileReference; fileEncoding = 4; lastKnownFileType = sourcecode.c.h; path = ANSHuman.h; sourceTree = "<group>"; };
		931DCEBD1CF87E7A00358C7E /* ANSHumanTest.c */ = {isa = PBXFileReference; fileEncoding = 4; lastKnownFileType = sourcecode.c.c; path = ANSHumanTest.c; sourceTree = "<group>"; };
		931DCEBE1CF87E7A00358C7E /* ANSHumanTest.h */ = {isa = PBXFileReference; fileEncoding = 4; lastKnownFileType = sourcecode.c.h; path = ANSHumanTest.h; sourceTree = "<group>"; };
		931DCEC01CF87E7A00358C7E /* ANSLinkedList.c */ = {isa = PBXFileReference; fileEncoding = 4; lastKnownFileType = sourcecode.c.c; path = ANSLinkedList.c; sourceTree = "<group>"; };
		931DCEC11CF87E7A00358C7E /* ANSLinkedList.h */ = {isa = PBXFileReference; fileEncoding = 4; lastKnownFileType = sourcecode.c.h; path = ANSLinkedList.h; sourceTree = "<group>"; };
		931DCEC31CF87E7A00358C7E /* ANSLinkedListEnumerator.c */ = {isa = PBXFileReference; fileEncoding = 4; lastKnownFileType = sourcecode.c.c; path = ANSLinkedListEnumerator.c; sourceTree = "<group>"; };
		931DCEC41CF87E7A00358C7E /* ANSLinkedListEnumerator.h */ = {isa = PBXFileReference; fileEncoding = 4; lastKnownFileType = sourcecode.c.h; path = ANSLinkedListEnumerator.h; sourceTree = "<group>"; };
		931DCEC51CF87E7A00358C7E /* ANSLinkedListEnumeratorPrivate.h */ = {isa = PBXFileReference; fileEncoding = 4; lastKnownFileType = sourcecode.c.h; name = ANSLinkedListEnumeratorPrivate.h; path = C/Source/ANSHuman/ANSLinkedList/ANSLinkedListEnumeratorPrivate.h; sourceTree = SOURCE_ROOT; };
		931DCEC71CF87E7A00358C7E /* ANSLinkedListNode.c */ = {isa = PBXFileReference; fileEncoding = 4; lastKnownFileType = sourcecode.c.c; path = ANSLinkedListNode.c; sourceTree = "<group>"; };
		931DCEC81CF87E7A00358C7E /* ANSLinkedListNode.h */ = {isa = PBXFileReference; fileEncoding = 4; lastKnownFileType = sourcecode.c.h; path = ANSLinkedListNode.h; sourceTree = "<group>"; };
		931DCEC91CF87E7A00358C7E /* ANSLinkedListPrivate.h */ = {isa = PBXFileReference; fileEncoding = 4; lastKnownFileType = sourcecode.c.h; path = ANSLinkedListPrivate.h; sourceTree = "<group>"; };
		931DCECB1CF87E7A00358C7E /* ANSLinkedListTest.c */ = {isa = PBXFileReference; fileEncoding = 4; lastKnownFileType = sourcecode.c.c; path = ANSLinkedListTest.c; sourceTree = "<group>"; };
		931DCECC1CF87E7A00358C7E /* ANSLinkedListTest.h */ = {isa = PBXFileReference; fileEncoding = 4; lastKnownFileType = sourcecode.c.h; path = ANSLinkedListTest.h; sourceTree = "<group>"; };
		931DCECE1CF87E7A00358C7E /* ANSString.c */ = {isa = PBXFileReference; fileEncoding = 4; lastKnownFileType = sourcecode.c.c; path = ANSString.c; sourceTree = "<group>"; };
		931DCECF1CF87E7A00358C7E /* ANSString.h */ = {isa = PBXFileReference; fileEncoding = 4; lastKnownFileType = sourcecode.c.h; path = ANSString.h; sourceTree = "<group>"; };
		931DCED11CF87E7A00358C7E /* ANSObject.c */ = {isa = PBXFileReference; fileEncoding = 4; lastKnownFileType = sourcecode.c.c; path = ANSObject.c; sourceTree = "<group>"; };
		931DCED21CF87E7A00358C7E /* ANSObject.h */ = {isa = PBXFileReference; fileEncoding = 4; lastKnownFileType = sourcecode.c.h; path = ANSObject.h; sourceTree = "<group>"; };
		931DCED41CF87E7A00358C7E /* ANSMacrosDeclaration.h */ = {isa = PBXFileReference; fileEncoding = 4; lastKnownFileType = sourcecode.c.h; path = ANSMacrosDeclaration.h; sourceTree = "<group>"; };
		931DCED51CF87E7A00358C7E /* ANSPrintFunctionValue.c */ = {isa = PBXFileReference; fileEncoding = 4; lastKnownFileType = sourcecode.c.c; path = ANSPrintFunctionValue.c; sourceTree = "<group>"; };
		931DCED61CF87E7A00358C7E /* ANSPrintFunctionValue.h */ = {isa = PBXFileReference; fileEncoding = 4; lastKnownFileType = sourcecode.c.h; path = ANSPrintFunctionValue.h; sourceTree = "<group>"; };
		931DCED81CF87E7A00358C7E /* ANSPrintMamaPapaSolution.c */ = {isa = PBXFileReference; fileEncoding = 4; lastKnownFileType = sourcecode.c.c; path = ANSPrintMamaPapaSolution.c; sourceTree = "<group>"; };
		931DCED91CF87E7A00358C7E /* ANSPrintMamaPapaSolution.h */ = {isa = PBXFileReference; fileEncoding = 4; lastKnownFileType = sourcecode.c.h; path = ANSPrintMamaPapaSolution.h; sourceTree = "<group>"; };
		931DCEDC1CF87E7A00358C7E /* ANSStructureTest.c */ = {isa = PBXFileReference; fileEncoding = 4; lastKnownFileType = sourcecode.c.c; path = ANSStructureTest.c; sourceTree = "<group>"; };
		931DCEDD1CF87E7A00358C7E /* ANSStructureTest.h */ = {isa = PBXFileReference; fileEncoding = 4; lastKnownFileType = sourcecode.c.h; path = ANSStructureTest.h; sourceTree = "<group>"; };
		931DCEDF1CF87E7A00358C7E /* ANSTest.c */ = {isa = PBXFileReference; fileEncoding = 4; lastKnownFileType = sourcecode.c.c; path = ANSTest.c; sourceTree = "<group>"; };
		931DCEE01CF87E7A00358C7E /* ANSTest.h */ = {isa = PBXFileReference; fileEncoding = 4; lastKnownFileType = sourcecode.c.h; path = ANSTest.h; sourceTree = "<group>"; };
		931DCEE31CF87E7A00358C7E /* ANSAutoreleasePool.c */ = {isa = PBXFileReference; fileEncoding = 4; lastKnownFileType = sourcecode.c.c; path = ANSAutoreleasePool.c; sourceTree = "<group>"; };
		931DCEE41CF87E7A00358C7E /* ANSAutoreleasePool.h */ = {isa = PBXFileReference; fileEncoding = 4; lastKnownFileType = sourcecode.c.h; path = ANSAutoreleasePool.h; sourceTree = "<group>"; };
		931DCEE51CF87E7A00358C7E /* ANSAutoreleasingStack.c */ = {isa = PBXFileReference; fileEncoding = 4; lastKnownFileType = sourcecode.c.c; name = ANSAutoreleasingStack.c; path = ../ANSAutoreleasingStack.c; sourceTree = "<group>"; };
		931DCEE61CF87E7A00358C7E /* ANSAutoreleasingStack.h */ = {isa = PBXFileReference; fileEncoding = 4; lastKnownFileType = sourcecode.c.h; name = ANSAutoreleasingStack.h; path = ../ANSAutoreleasingStack.h; sourceTree = "<group>"; };
		931DCEE81CF87E7A00358C7E /* ANSAutoreleasingStackTest.c */ = {isa = PBXFileReference; fileEncoding = 4; lastKnownFileType = sourcecode.c.c; path = ANSAutoreleasingStackTest.c; sourceTree = "<group>"; };
		931DCEE91CF87E7A00358C7E /* ANSAutoreleasingStackTest.h */ = {isa = PBXFileReference; fileEncoding = 4; lastKnownFileType = sourcecode.c.h; path = ANSAutoreleasingStackTest.h; sourceTree = "<group>"; };
		931DCF031CF9B8D500358C7E /* ANSSyntaxTest.h */ = {isa = PBXFileReference; fileEncoding = 4; lastKnownFileType = sourcecode.c.h; name = ANSSyntaxTest.h; path = "Objective-c/ANSSyntaxTest.h"; sourceTree = SOURCE_ROOT; };
		931DCF041CF9B8D500358C7E /* ANSSyntaxTest.m */ = {isa = PBXFileReference; fileEncoding = 4; lastKnownFileType = sourcecode.c.objc; name = ANSSyntaxTest.m; path = "Objective-c/ANSSyntaxTest.m"; sourceTree = SOURCE_ROOT; };
		931DCF061CFC192600358C7E /* ANSCreature.h */ = {isa = PBXFileReference; fileEncoding = 4; lastKnownFileType = sourcecode.c.h; name = ANSCreature.h; path = "Objective-c/ANSCreature/ANSCreature.h"; sourceTree = "<group>"; };
		931DCF071CFC192600358C7E /* ANSCreature.m */ = {isa = PBXFileReference; fileEncoding = 4; lastKnownFileType = sourcecode.c.objc; name = ANSCreature.m; path = "Objective-c/ANSCreature/ANSCreature.m"; sourceTree = "<group>"; };
		934811961CC7A9AF00708B80 /* iOS Study Plan.txt */ = {isa = PBXFileReference; fileEncoding = 4; lastKnownFileType = text; path = "iOS Study Plan.txt"; sourceTree = "<group>"; };
/* End PBXFileReference section */

/* Begin PBXFrameworksBuildPhase section */
		93080C661CB6DA2000D52D9C /* Frameworks */ = {
			isa = PBXFrameworksBuildPhase;
			buildActionMask = 2147483647;
			files = (
			);
			runOnlyForDeploymentPostprocessing = 0;
		};
		931DCEA41CF87DD600358C7E /* Frameworks */ = {
			isa = PBXFrameworksBuildPhase;
			buildActionMask = 2147483647;
			files = (
			);
			runOnlyForDeploymentPostprocessing = 0;
		};
/* End PBXFrameworksBuildPhase section */

/* Begin PBXGroup section */
		93080C601CB6DA2000D52D9C = {
			isa = PBXGroup;
			children = (
				934811961CC7A9AF00708B80 /* iOS Study Plan.txt */,
				931DCEAE1CF87E7A00358C7E /* C */,
				931DCEA81CF87DD600358C7E /* Objective-c */,
				93080C6A1CB6DA2000D52D9C /* Products */,
			);
			sourceTree = "<group>";
		};
		93080C6A1CB6DA2000D52D9C /* Products */ = {
			isa = PBXGroup;
			children = (
				93080C691CB6DA2000D52D9C /* LCHW */,
				931DCEA71CF87DD600358C7E /* Objective-c */,
			);
			name = Products;
			sourceTree = "<group>";
		};
		931D0F121CFC81BC00DF749C /* ANSCreatureTest */ = {
			isa = PBXGroup;
			children = (
				931D0F0F1CFC81B500DF749C /* ANSCreatureTest.h */,
				931D0F101CFC81B500DF749C /* ANSCreatureTest.m */,
			);
			name = ANSCreatureTest;
			sourceTree = "<group>";
		};
		931D0F131CFF0E1200DF749C /* ANSAutoreleasingStack */ = {
			isa = PBXGroup;
			children = (
				931DCEE61CF87E7A00358C7E /* ANSAutoreleasingStack.h */,
				931DCEE51CF87E7A00358C7E /* ANSAutoreleasingStack.c */,
			);
			name = ANSAutoreleasingStack;
			sourceTree = "<group>";
		};
		931DCEA81CF87DD600358C7E /* Objective-c */ = {
			isa = PBXGroup;
			children = (
				931DCEFF1CF881BB00358C7E /* ANSSyntax */,
				931DCF091CFC193000358C7E /* ANSCreature */,
				931DCEA91CF87DD600358C7E /* main.m */,
			);
			path = "Objective-c";
			sourceTree = "<group>";
		};
		931DCEAE1CF87E7A00358C7E /* C */ = {
			isa = PBXGroup;
			children = (
				931DCEAF1CF87E7A00358C7E /* LCHW */,
				931DCEB11CF87E7A00358C7E /* Source */,
			);
			path = C;
			sourceTree = "<group>";
		};
		931DCEAF1CF87E7A00358C7E /* LCHW */ = {
			isa = PBXGroup;
			children = (
				931DCEB01CF87E7A00358C7E /* main.c */,
			);
			path = LCHW;
			sourceTree = "<group>";
		};
		931DCEB11CF87E7A00358C7E /* Source */ = {
			isa = PBXGroup;
			children = (
				931DCEB21CF87E7A00358C7E /* ANSHuman */,
				931DCED31CF87E7A00358C7E /* ANSMacrosDeclaration */,
				931DCED71CF87E7A00358C7E /* ANSPrintMamaPapaSolution */,
				931DCEDA1CF87E7A00358C7E /* ANSStructureTest */,
				931DCEDE1CF87E7A00358C7E /* ANSTest */,
				931DCEE11CF87E7A00358C7E /* IDPAutoreleasingStack */,
			);
			path = Source;
			sourceTree = "<group>";
		};
		931DCEB21CF87E7A00358C7E /* ANSHuman */ = {
			isa = PBXGroup;
			children = (
				931DCEB31CF87E7A00358C7E /* ANSArray */,
				931DCEB91CF87E7A00358C7E /* ANSHuman */,
				931DCEBC1CF87E7A00358C7E /* ANSHumanTest */,
				931DCEBF1CF87E7A00358C7E /* ANSLinkedList */,
				931DCECD1CF87E7A00358C7E /* ANSString */,
				931DCED01CF87E7A00358C7E /* ASNObject */,
			);
			path = ANSHuman;
			sourceTree = "<group>";
		};
		931DCEB31CF87E7A00358C7E /* ANSArray */ = {
			isa = PBXGroup;
			children = (
				931DCEB41CF87E7A00358C7E /* ANSArray.c */,
				931DCEB51CF87E7A00358C7E /* ANSArray.h */,
				931DCEB61CF87E7A00358C7E /* ANSArrayTest */,
			);
			path = ANSArray;
			sourceTree = "<group>";
		};
		931DCEB61CF87E7A00358C7E /* ANSArrayTest */ = {
			isa = PBXGroup;
			children = (
				931DCEB71CF87E7A00358C7E /* ANSArrayTest.c */,
				931DCEB81CF87E7A00358C7E /* ANSArrayTest.h */,
			);
			path = ANSArrayTest;
			sourceTree = "<group>";
		};
		931DCEB91CF87E7A00358C7E /* ANSHuman */ = {
			isa = PBXGroup;
			children = (
				931DCEBA1CF87E7A00358C7E /* ANSHuman.c */,
				931DCEBB1CF87E7A00358C7E /* ANSHuman.h */,
			);
			path = ANSHuman;
			sourceTree = "<group>";
		};
		931DCEBC1CF87E7A00358C7E /* ANSHumanTest */ = {
			isa = PBXGroup;
			children = (
				931DCEBD1CF87E7A00358C7E /* ANSHumanTest.c */,
				931DCEBE1CF87E7A00358C7E /* ANSHumanTest.h */,
			);
			path = ANSHumanTest;
			sourceTree = "<group>";
		};
		931DCEBF1CF87E7A00358C7E /* ANSLinkedList */ = {
			isa = PBXGroup;
			children = (
				931DCEC91CF87E7A00358C7E /* ANSLinkedListPrivate.h */,
				931DCEC11CF87E7A00358C7E /* ANSLinkedList.h */,
				931DCEC01CF87E7A00358C7E /* ANSLinkedList.c */,
				931DCEC21CF87E7A00358C7E /* ANSLinkedListEnumerator */,
				931DCEC61CF87E7A00358C7E /* ANSLinkedListNode */,
				931DCECA1CF87E7A00358C7E /* ANSLinkedListTest */,
			);
			path = ANSLinkedList;
			sourceTree = "<group>";
		};
		931DCEC21CF87E7A00358C7E /* ANSLinkedListEnumerator */ = {
			isa = PBXGroup;
			children = (
				931DCEC51CF87E7A00358C7E /* ANSLinkedListEnumeratorPrivate.h */,
				931DCEC31CF87E7A00358C7E /* ANSLinkedListEnumerator.c */,
				931DCEC41CF87E7A00358C7E /* ANSLinkedListEnumerator.h */,
			);
			path = ANSLinkedListEnumerator;
			sourceTree = "<group>";
		};
		931DCEC61CF87E7A00358C7E /* ANSLinkedListNode */ = {
			isa = PBXGroup;
			children = (
				931DCEC71CF87E7A00358C7E /* ANSLinkedListNode.c */,
				931DCEC81CF87E7A00358C7E /* ANSLinkedListNode.h */,
			);
			path = ANSLinkedListNode;
			sourceTree = "<group>";
		};
		931DCECA1CF87E7A00358C7E /* ANSLinkedListTest */ = {
			isa = PBXGroup;
			children = (
				931DCECB1CF87E7A00358C7E /* ANSLinkedListTest.c */,
				931DCECC1CF87E7A00358C7E /* ANSLinkedListTest.h */,
			);
			path = ANSLinkedListTest;
			sourceTree = "<group>";
		};
		931DCECD1CF87E7A00358C7E /* ANSString */ = {
			isa = PBXGroup;
			children = (
				931DCECE1CF87E7A00358C7E /* ANSString.c */,
				931DCECF1CF87E7A00358C7E /* ANSString.h */,
			);
			path = ANSString;
			sourceTree = "<group>";
		};
		931DCED01CF87E7A00358C7E /* ASNObject */ = {
			isa = PBXGroup;
			children = (
				931DCED11CF87E7A00358C7E /* ANSObject.c */,
				931DCED21CF87E7A00358C7E /* ANSObject.h */,
			);
			path = ASNObject;
			sourceTree = "<group>";
		};
		931DCED31CF87E7A00358C7E /* ANSMacrosDeclaration */ = {
			isa = PBXGroup;
			children = (
				931DCED41CF87E7A00358C7E /* ANSMacrosDeclaration.h */,
				931DCED51CF87E7A00358C7E /* ANSPrintFunctionValue.c */,
				931DCED61CF87E7A00358C7E /* ANSPrintFunctionValue.h */,
			);
			path = ANSMacrosDeclaration;
			sourceTree = "<group>";
		};
		931DCED71CF87E7A00358C7E /* ANSPrintMamaPapaSolution */ = {
			isa = PBXGroup;
			children = (
				931DCED81CF87E7A00358C7E /* ANSPrintMamaPapaSolution.c */,
				931DCED91CF87E7A00358C7E /* ANSPrintMamaPapaSolution.h */,
			);
			path = ANSPrintMamaPapaSolution;
			sourceTree = "<group>";
		};
		931DCEDA1CF87E7A00358C7E /* ANSStructureTest */ = {
			isa = PBXGroup;
			children = (
				931DCEDB1CF87E7A00358C7E /* ANSStructureTest */,
			);
			path = ANSStructureTest;
			sourceTree = "<group>";
		};
		931DCEDB1CF87E7A00358C7E /* ANSStructureTest */ = {
			isa = PBXGroup;
			children = (
				931DCEDC1CF87E7A00358C7E /* ANSStructureTest.c */,
				931DCEDD1CF87E7A00358C7E /* ANSStructureTest.h */,
			);
			path = ANSStructureTest;
			sourceTree = "<group>";
		};
		931DCEDE1CF87E7A00358C7E /* ANSTest */ = {
			isa = PBXGroup;
			children = (
				931DCEDF1CF87E7A00358C7E /* ANSTest.c */,
				931DCEE01CF87E7A00358C7E /* ANSTest.h */,
			);
			path = ANSTest;
			sourceTree = "<group>";
		};
		931DCEE11CF87E7A00358C7E /* IDPAutoreleasingStack */ = {
			isa = PBXGroup;
			children = (
				931DCEE21CF87E7A00358C7E /* ANSAutoreleasePool */,
				931DCEE71CF87E7A00358C7E /* IDPAutoreleasingStackTest */,
			);
			path = IDPAutoreleasingStack;
			sourceTree = "<group>";
		};
		931DCEE21CF87E7A00358C7E /* ANSAutoreleasePool */ = {
			isa = PBXGroup;
			children = (
				931DCEE41CF87E7A00358C7E /* ANSAutoreleasePool.h */,
				931DCEE31CF87E7A00358C7E /* ANSAutoreleasePool.c */,
				931D0F131CFF0E1200DF749C /* ANSAutoreleasingStack */,
			);
			path = ANSAutoreleasePool;
			sourceTree = "<group>";
		};
		931DCEE71CF87E7A00358C7E /* IDPAutoreleasingStackTest */ = {
			isa = PBXGroup;
			children = (
				931DCEE91CF87E7A00358C7E /* ANSAutoreleasingStackTest.h */,
				931DCEE81CF87E7A00358C7E /* ANSAutoreleasingStackTest.c */,
			);
			name = IDPAutoreleasingStackTest;
			path = IDPAutoreleasingStack;
			sourceTree = "<group>";
		};
		931DCEFF1CF881BB00358C7E /* ANSSyntax */ = {
			isa = PBXGroup;
			children = (
				931DCF031CF9B8D500358C7E /* ANSSyntaxTest.h */,
				931DCF041CF9B8D500358C7E /* ANSSyntaxTest.m */,
			);
			path = ANSSyntax;
			sourceTree = "<group>";
		};
		931DCF091CFC193000358C7E /* ANSCreature */ = {
			isa = PBXGroup;
			children = (
				931DCF061CFC192600358C7E /* ANSCreature.h */,
				931DCF071CFC192600358C7E /* ANSCreature.m */,
				931D0F121CFC81BC00DF749C /* ANSCreatureTest */,
			);
			name = ANSCreature;
			path = ..;
			sourceTree = "<group>";
		};
/* End PBXGroup section */

/* Begin PBXNativeTarget section */
		93080C681CB6DA2000D52D9C /* LCHW */ = {
			isa = PBXNativeTarget;
			buildConfigurationList = 93080C701CB6DA2000D52D9C /* Build configuration list for PBXNativeTarget "LCHW" */;
			buildPhases = (
				93080C651CB6DA2000D52D9C /* Sources */,
				93080C661CB6DA2000D52D9C /* Frameworks */,
				93080C671CB6DA2000D52D9C /* CopyFiles */,
			);
			buildRules = (
			);
			dependencies = (
			);
			name = LCHW;
			productName = LCHW;
			productReference = 93080C691CB6DA2000D52D9C /* LCHW */;
			productType = "com.apple.product-type.tool";
		};
		931DCEA61CF87DD600358C7E /* Objective-c */ = {
			isa = PBXNativeTarget;
			buildConfigurationList = 931DCEAD1CF87DD600358C7E /* Build configuration list for PBXNativeTarget "Objective-c" */;
			buildPhases = (
				931DCEA31CF87DD600358C7E /* Sources */,
				931DCEA41CF87DD600358C7E /* Frameworks */,
				931DCEA51CF87DD600358C7E /* CopyFiles */,
			);
			buildRules = (
			);
			dependencies = (
			);
			name = "Objective-c";
			productName = "Objective-c";
			productReference = 931DCEA71CF87DD600358C7E /* Objective-c */;
			productType = "com.apple.product-type.tool";
		};
/* End PBXNativeTarget section */

/* Begin PBXProject section */
		93080C611CB6DA2000D52D9C /* Project object */ = {
			isa = PBXProject;
			attributes = {
				LastUpgradeCheck = 0720;
				ORGANIZATIONNAME = Anfriiev.Mykola;
				TargetAttributes = {
					93080C681CB6DA2000D52D9C = {
						CreatedOnToolsVersion = 7.2.1;
					};
					931DCEA61CF87DD600358C7E = {
						CreatedOnToolsVersion = 7.2.1;
					};
				};
			};
			buildConfigurationList = 93080C641CB6DA2000D52D9C /* Build configuration list for PBXProject "LCHW" */;
			compatibilityVersion = "Xcode 3.2";
			developmentRegion = English;
			hasScannedForEncodings = 0;
			knownRegions = (
				en,
			);
			mainGroup = 93080C601CB6DA2000D52D9C;
			productRefGroup = 93080C6A1CB6DA2000D52D9C /* Products */;
			projectDirPath = "";
			projectRoot = "";
			targets = (
				93080C681CB6DA2000D52D9C /* LCHW */,
				931DCEA61CF87DD600358C7E /* Objective-c */,
			);
		};
/* End PBXProject section */

/* Begin PBXSourcesBuildPhase section */
		93080C651CB6DA2000D52D9C /* Sources */ = {
			isa = PBXSourcesBuildPhase;
			buildActionMask = 2147483647;
			files = (
				931DCEF21CF87E7A00358C7E /* ANSLinkedListTest.c in Sources */,
				931DCEF81CF87E7A00358C7E /* ANSTest.c in Sources */,
				931DCEF01CF87E7A00358C7E /* ANSLinkedListEnumerator.c in Sources */,
				931DCEF71CF87E7A00358C7E /* ANSStructureTest.c in Sources */,
				931DCEF41CF87E7A00358C7E /* ANSObject.c in Sources */,
				931DCEEB1CF87E7A00358C7E /* ANSArray.c in Sources */,
				931DCEEC1CF87E7A00358C7E /* ANSArrayTest.c in Sources */,
				931DCEEE1CF87E7A00358C7E /* ANSHumanTest.c in Sources */,
				931DCEED1CF87E7A00358C7E /* ANSHuman.c in Sources */,
				931DCEEA1CF87E7A00358C7E /* main.c in Sources */,
				931DCEF31CF87E7A00358C7E /* ANSString.c in Sources */,
				931DCEF91CF87E7A00358C7E /* ANSAutoreleasePool.c in Sources */,
				931DCEEF1CF87E7A00358C7E /* ANSLinkedList.c in Sources */,
				931DCEF61CF87E7A00358C7E /* ANSPrintMamaPapaSolution.c in Sources */,
				931DCEF51CF87E7A00358C7E /* ANSPrintFunctionValue.c in Sources */,
				931DCEF11CF87E7A00358C7E /* ANSLinkedListNode.c in Sources */,
				931DCEFA1CF87E7A00358C7E /* ANSAutoreleasingStack.c in Sources */,
				931DCEFB1CF87E7A00358C7E /* ANSAutoreleasingStackTest.c in Sources */,
			);
			runOnlyForDeploymentPostprocessing = 0;
		};
		931DCEA31CF87DD600358C7E /* Sources */ = {
			isa = PBXSourcesBuildPhase;
			buildActionMask = 2147483647;
			files = (
				931DCEAA1CF87DD600358C7E /* main.m in Sources */,
				931D0F111CFC81B500DF749C /* ANSCreatureTest.m in Sources */,
				931DCF081CFC192600358C7E /* ANSCreature.m in Sources */,
				931DCF051CF9B8D500358C7E /* ANSSyntaxTest.m in Sources */,
			);
			runOnlyForDeploymentPostprocessing = 0;
		};
/* End PBXSourcesBuildPhase section */

/* Begin XCBuildConfiguration section */
		93080C6E1CB6DA2000D52D9C /* Debug */ = {
			isa = XCBuildConfiguration;
			buildSettings = {
				ALWAYS_SEARCH_USER_PATHS = NO;
				CLANG_CXX_LANGUAGE_STANDARD = "gnu++0x";
				CLANG_CXX_LIBRARY = "libc++";
				CLANG_ENABLE_MODULES = YES;
				CLANG_ENABLE_OBJC_ARC = YES;
				CLANG_WARN_BOOL_CONVERSION = YES;
				CLANG_WARN_CONSTANT_CONVERSION = YES;
				CLANG_WARN_DIRECT_OBJC_ISA_USAGE = YES_ERROR;
				CLANG_WARN_EMPTY_BODY = YES;
				CLANG_WARN_ENUM_CONVERSION = YES;
				CLANG_WARN_INT_CONVERSION = YES;
				CLANG_WARN_OBJC_ROOT_CLASS = YES_ERROR;
				CLANG_WARN_UNREACHABLE_CODE = YES;
				CLANG_WARN__DUPLICATE_METHOD_MATCH = YES;
				CODE_SIGN_IDENTITY = "-";
				COPY_PHASE_STRIP = NO;
				DEBUG_INFORMATION_FORMAT = dwarf;
				ENABLE_STRICT_OBJC_MSGSEND = YES;
				ENABLE_TESTABILITY = YES;
				GCC_C_LANGUAGE_STANDARD = gnu99;
				GCC_DYNAMIC_NO_PIC = NO;
				GCC_NO_COMMON_BLOCKS = YES;
				GCC_OPTIMIZATION_LEVEL = 0;
				GCC_PREPROCESSOR_DEFINITIONS = (
					"DEBUG=1",
					"$(inherited)",
				);
				GCC_WARN_64_TO_32_BIT_CONVERSION = YES;
				GCC_WARN_ABOUT_RETURN_TYPE = YES_ERROR;
				GCC_WARN_UNDECLARED_SELECTOR = YES;
				GCC_WARN_UNINITIALIZED_AUTOS = YES_AGGRESSIVE;
				GCC_WARN_UNUSED_FUNCTION = YES;
				GCC_WARN_UNUSED_VARIABLE = YES;
				MACOSX_DEPLOYMENT_TARGET = 10.10;
				MTL_ENABLE_DEBUG_INFO = YES;
				ONLY_ACTIVE_ARCH = YES;
				SDKROOT = macosx;
			};
			name = Debug;
		};
		93080C6F1CB6DA2000D52D9C /* Release */ = {
			isa = XCBuildConfiguration;
			buildSettings = {
				ALWAYS_SEARCH_USER_PATHS = NO;
				CLANG_CXX_LANGUAGE_STANDARD = "gnu++0x";
				CLANG_CXX_LIBRARY = "libc++";
				CLANG_ENABLE_MODULES = YES;
				CLANG_ENABLE_OBJC_ARC = YES;
				CLANG_WARN_BOOL_CONVERSION = YES;
				CLANG_WARN_CONSTANT_CONVERSION = YES;
				CLANG_WARN_DIRECT_OBJC_ISA_USAGE = YES_ERROR;
				CLANG_WARN_EMPTY_BODY = YES;
				CLANG_WARN_ENUM_CONVERSION = YES;
				CLANG_WARN_INT_CONVERSION = YES;
				CLANG_WARN_OBJC_ROOT_CLASS = YES_ERROR;
				CLANG_WARN_UNREACHABLE_CODE = YES;
				CLANG_WARN__DUPLICATE_METHOD_MATCH = YES;
				CODE_SIGN_IDENTITY = "-";
				COPY_PHASE_STRIP = NO;
				DEBUG_INFORMATION_FORMAT = "dwarf-with-dsym";
				ENABLE_NS_ASSERTIONS = NO;
				ENABLE_STRICT_OBJC_MSGSEND = YES;
				GCC_C_LANGUAGE_STANDARD = gnu99;
				GCC_NO_COMMON_BLOCKS = YES;
				GCC_WARN_64_TO_32_BIT_CONVERSION = YES;
				GCC_WARN_ABOUT_RETURN_TYPE = YES_ERROR;
				GCC_WARN_UNDECLARED_SELECTOR = YES;
				GCC_WARN_UNINITIALIZED_AUTOS = YES_AGGRESSIVE;
				GCC_WARN_UNUSED_FUNCTION = YES;
				GCC_WARN_UNUSED_VARIABLE = YES;
				MACOSX_DEPLOYMENT_TARGET = 10.10;
				MTL_ENABLE_DEBUG_INFO = NO;
				SDKROOT = macosx;
			};
			name = Release;
		};
		93080C711CB6DA2000D52D9C /* Debug */ = {
			isa = XCBuildConfiguration;
			buildSettings = {
				PRODUCT_NAME = "$(TARGET_NAME)";
			};
			name = Debug;
		};
		93080C721CB6DA2000D52D9C /* Release */ = {
			isa = XCBuildConfiguration;
			buildSettings = {
				PRODUCT_NAME = "$(TARGET_NAME)";
			};
			name = Release;
		};
		931DCEAB1CF87DD600358C7E /* Debug */ = {
			isa = XCBuildConfiguration;
			buildSettings = {
				CLANG_ENABLE_OBJC_ARC = NO;
				MACOSX_DEPLOYMENT_TARGET = 10.11;
				PRODUCT_NAME = "$(TARGET_NAME)";
			};
			name = Debug;
		};
		931DCEAC1CF87DD600358C7E /* Release */ = {
			isa = XCBuildConfiguration;
			buildSettings = {
				CLANG_ENABLE_OBJC_ARC = NO;
				MACOSX_DEPLOYMENT_TARGET = 10.11;
				PRODUCT_NAME = "$(TARGET_NAME)";
			};
			name = Release;
		};
/* End XCBuildConfiguration section */

/* Begin XCConfigurationList section */
		93080C641CB6DA2000D52D9C /* Build configuration list for PBXProject "LCHW" */ = {
			isa = XCConfigurationList;
			buildConfigurations = (
				93080C6E1CB6DA2000D52D9C /* Debug */,
				93080C6F1CB6DA2000D52D9C /* Release */,
			);
			defaultConfigurationIsVisible = 0;
			defaultConfigurationName = Release;
		};
		93080C701CB6DA2000D52D9C /* Build configuration list for PBXNativeTarget "LCHW" */ = {
			isa = XCConfigurationList;
			buildConfigurations = (
				93080C711CB6DA2000D52D9C /* Debug */,
				93080C721CB6DA2000D52D9C /* Release */,
			);
			defaultConfigurationIsVisible = 0;
			defaultConfigurationName = Release;
		};
		931DCEAD1CF87DD600358C7E /* Build configuration list for PBXNativeTarget "Objective-c" */ = {
			isa = XCConfigurationList;
			buildConfigurations = (
				931DCEAB1CF87DD600358C7E /* Debug */,
				931DCEAC1CF87DD600358C7E /* Release */,
			);
			defaultConfigurationIsVisible = 0;
			defaultConfigurationName = Release;
		};
/* End XCConfigurationList section */
	};
	rootObject = 93080C611CB6DA2000D52D9C /* Project object */;
}
