// !$*UTF8*$!
{
	archiveVersion = 1;
	classes = {
	};
	objectVersion = 46;
	objects = {

/* Begin PBXBuildFile section */
		93080C6D1CB6DA2000D52D9C /* main.c in Sources */ = {isa = PBXBuildFile; fileRef = 93080C6C1CB6DA2000D52D9C /* main.c */; };
		934FE0CC1CBCF1A5007B702E /* ANSPrintFunctionValue.c in Sources */ = {isa = PBXBuildFile; fileRef = 934FE0C71CBCF1A5007B702E /* ANSPrintFunctionValue.c */; };
		934FE0CD1CBCF1A5007B702E /* ANSPrintMamaPapaSoluiton.c in Sources */ = {isa = PBXBuildFile; fileRef = 934FE0CA1CBCF1A5007B702E /* ANSPrintMamaPapaSoluiton.c */; };
/* End PBXBuildFile section */

/* Begin PBXCopyFilesBuildPhase section */
		93080C671CB6DA2000D52D9C /* CopyFiles */ = {
			isa = PBXCopyFilesBuildPhase;
			buildActionMask = 2147483647;
			dstPath = /usr/share/man/man1/;
			dstSubfolderSpec = 0;
			files = (
			);
			runOnlyForDeploymentPostprocessing = 1;
		};
/* End PBXCopyFilesBuildPhase section */

/* Begin PBXFileReference section */
		93080C691CB6DA2000D52D9C /* LCHW */ = {isa = PBXFileReference; explicitFileType = "compiled.mach-o.executable"; includeInIndex = 0; path = LCHW; sourceTree = BUILT_PRODUCTS_DIR; };
		93080C6C1CB6DA2000D52D9C /* main.c */ = {isa = PBXFileReference; lastKnownFileType = sourcecode.c.c; path = main.c; sourceTree = "<group>"; };
		934FE0C61CBCF1A5007B702E /* ANSMacrosDeclaration.h */ = {isa = PBXFileReference; fileEncoding = 4; lastKnownFileType = sourcecode.c.h; path = ANSMacrosDeclaration.h; sourceTree = "<group>"; };
		934FE0C71CBCF1A5007B702E /* ANSPrintFunctionValue.c */ = {isa = PBXFileReference; fileEncoding = 4; lastKnownFileType = sourcecode.c.c; path = ANSPrintFunctionValue.c; sourceTree = "<group>"; };
		934FE0C81CBCF1A5007B702E /* ANSPrintFunctionValue.h */ = {isa = PBXFileReference; fileEncoding = 4; lastKnownFileType = sourcecode.c.h; path = ANSPrintFunctionValue.h; sourceTree = "<group>"; };
		934FE0CA1CBCF1A5007B702E /* ANSPrintMamaPapaSoluiton.c */ = {isa = PBXFileReference; fileEncoding = 4; lastKnownFileType = sourcecode.c.c; path = ANSPrintMamaPapaSoluiton.c; sourceTree = "<group>"; };
		934FE0CB1CBCF1A5007B702E /* ANSPrintMamaPapaSoluiton.h */ = {isa = PBXFileReference; fileEncoding = 4; lastKnownFileType = sourcecode.c.h; path = ANSPrintMamaPapaSoluiton.h; sourceTree = "<group>"; };
/* End PBXFileReference section */

/* Begin PBXFrameworksBuildPhase section */
		93080C661CB6DA2000D52D9C /* Frameworks */ = {
			isa = PBXFrameworksBuildPhase;
			buildActionMask = 2147483647;
			files = (
			);
			runOnlyForDeploymentPostprocessing = 0;
		};
/* End PBXFrameworksBuildPhase section */

/* Begin PBXGroup section */
		93080C601CB6DA2000D52D9C = {
			isa = PBXGroup;
			children = (
				934FE0C41CBCF1A5007B702E /* Sourse */,
				93080C6B1CB6DA2000D52D9C /* LCHW */,
				93080C6A1CB6DA2000D52D9C /* Products */,
			);
			sourceTree = "<group>";
		};
		93080C6A1CB6DA2000D52D9C /* Products */ = {
			isa = PBXGroup;
			children = (
				93080C691CB6DA2000D52D9C /* LCHW */,
			);
			name = Products;
			sourceTree = "<group>";
		};
		93080C6B1CB6DA2000D52D9C /* LCHW */ = {
			isa = PBXGroup;
			children = (
				93080C6C1CB6DA2000D52D9C /* main.c */,
			);
			path = LCHW;
			sourceTree = "<group>";
		};
		934FE0C41CBCF1A5007B702E /* Sourse */ = {
			isa = PBXGroup;
			children = (
				934FE0C51CBCF1A5007B702E /* ANSMacrosDeclaration */,
				934FE0C91CBCF1A5007B702E /* ANSPrintMamaPapaSolution */,
			);
			path = Sourse;
			sourceTree = "<group>";
		};
		934FE0C51CBCF1A5007B702E /* ANSMacrosDeclaration */ = {
			isa = PBXGroup;
			children = (
				934FE0C61CBCF1A5007B702E /* ANSMacrosDeclaration.h */,
				934FE0C81CBCF1A5007B702E /* ANSPrintFunctionValue.h */,
				934FE0C71CBCF1A5007B702E /* ANSPrintFunctionValue.c */,
			);
			path = ANSMacrosDeclaration;
			sourceTree = "<group>";
		};
		934FE0C91CBCF1A5007B702E /* ANSPrintMamaPapaSolution */ = {
			isa = PBXGroup;
			children = (
				934FE0CB1CBCF1A5007B702E /* ANSPrintMamaPapaSoluiton.h */,
				934FE0CA1CBCF1A5007B702E /* ANSPrintMamaPapaSoluiton.c */,
			);
			path = ANSPrintMamaPapaSolution;
			sourceTree = "<group>";
		};
/* End PBXGroup section */

/* Begin PBXNativeTarget section */
		93080C681CB6DA2000D52D9C /* LCHW */ = {
			isa = PBXNativeTarget;
			buildConfigurationList = 93080C701CB6DA2000D52D9C /* Build configuration list for PBXNativeTarget "LCHW" */;
			buildPhases = (
				93080C651CB6DA2000D52D9C /* Sources */,
				93080C661CB6DA2000D52D9C /* Frameworks */,
				93080C671CB6DA2000D52D9C /* CopyFiles */,
			);
			buildRules = (
			);
			dependencies = (
			);
			name = LCHW;
			productName = LCHW;
			productReference = 93080C691CB6DA2000D52D9C /* LCHW */;
			productType = "com.apple.product-type.tool";
		};
/* End PBXNativeTarget section */

/* Begin PBXProject section */
		93080C611CB6DA2000D52D9C /* Project object */ = {
			isa = PBXProject;
			attributes = {
				LastUpgradeCheck = 0720;
				ORGANIZATIONNAME = Anfriiev.Mykola;
				TargetAttributes = {
					93080C681CB6DA2000D52D9C = {
						CreatedOnToolsVersion = 7.2.1;
					};
				};
			};
			buildConfigurationList = 93080C641CB6DA2000D52D9C /* Build configuration list for PBXProject "LCHW" */;
			compatibilityVersion = "Xcode 3.2";
			developmentRegion = English;
			hasScannedForEncodings = 0;
			knownRegions = (
				en,
			);
			mainGroup = 93080C601CB6DA2000D52D9C;
			productRefGroup = 93080C6A1CB6DA2000D52D9C /* Products */;
			projectDirPath = "";
			projectRoot = "";
			targets = (
				93080C681CB6DA2000D52D9C /* LCHW */,
			);
		};
/* End PBXProject section */

/* Begin PBXSourcesBuildPhase section */
		93080C651CB6DA2000D52D9C /* Sources */ = {
			isa = PBXSourcesBuildPhase;
			buildActionMask = 2147483647;
			files = (
				934FE0CC1CBCF1A5007B702E /* ANSPrintFunctionValue.c in Sources */,
				93080C6D1CB6DA2000D52D9C /* main.c in Sources */,
				934FE0CD1CBCF1A5007B702E /* ANSPrintMamaPapaSoluiton.c in Sources */,
			);
			runOnlyForDeploymentPostprocessing = 0;
		};
/* End PBXSourcesBuildPhase section */

/* Begin XCBuildConfiguration section */
		93080C6E1CB6DA2000D52D9C /* Debug */ = {
			isa = XCBuildConfiguration;
			buildSettings = {
				ALWAYS_SEARCH_USER_PATHS = NO;
				CLANG_CXX_LANGUAGE_STANDARD = "gnu++0x";
				CLANG_CXX_LIBRARY = "libc++";
				CLANG_ENABLE_MODULES = YES;
				CLANG_ENABLE_OBJC_ARC = YES;
				CLANG_WARN_BOOL_CONVERSION = YES;
				CLANG_WARN_CONSTANT_CONVERSION = YES;
				CLANG_WARN_DIRECT_OBJC_ISA_USAGE = YES_ERROR;
				CLANG_WARN_EMPTY_BODY = YES;
				CLANG_WARN_ENUM_CONVERSION = YES;
				CLANG_WARN_INT_CONVERSION = YES;
				CLANG_WARN_OBJC_ROOT_CLASS = YES_ERROR;
				CLANG_WARN_UNREACHABLE_CODE = YES;
				CLANG_WARN__DUPLICATE_METHOD_MATCH = YES;
				CODE_SIGN_IDENTITY = "-";
				COPY_PHASE_STRIP = NO;
				DEBUG_INFORMATION_FORMAT = dwarf;
				ENABLE_STRICT_OBJC_MSGSEND = YES;
				ENABLE_TESTABILITY = YES;
				GCC_C_LANGUAGE_STANDARD = gnu99;
				GCC_DYNAMIC_NO_PIC = NO;
				GCC_NO_COMMON_BLOCKS = YES;
				GCC_OPTIMIZATION_LEVEL = 0;
				GCC_PREPROCESSOR_DEFINITIONS = (
					"DEBUG=1",
					"$(inherited)",
				);
				GCC_WARN_64_TO_32_BIT_CONVERSION = YES;
				GCC_WARN_ABOUT_RETURN_TYPE = YES_ERROR;
				GCC_WARN_UNDECLARED_SELECTOR = YES;
				GCC_WARN_UNINITIALIZED_AUTOS = YES_AGGRESSIVE;
				GCC_WARN_UNUSED_FUNCTION = YES;
				GCC_WARN_UNUSED_VARIABLE = YES;
				MACOSX_DEPLOYMENT_TARGET = 10.10;
				MTL_ENABLE_DEBUG_INFO = YES;
				ONLY_ACTIVE_ARCH = YES;
				SDKROOT = macosx;
			};
			name = Debug;
		};
		93080C6F1CB6DA2000D52D9C /* Release */ = {
			isa = XCBuildConfiguration;
			buildSettings = {
				ALWAYS_SEARCH_USER_PATHS = NO;
				CLANG_CXX_LANGUAGE_STANDARD = "gnu++0x";
				CLANG_CXX_LIBRARY = "libc++";
				CLANG_ENABLE_MODULES = YES;
				CLANG_ENABLE_OBJC_ARC = YES;
				CLANG_WARN_BOOL_CONVERSION = YES;
				CLANG_WARN_CONSTANT_CONVERSION = YES;
				CLANG_WARN_DIRECT_OBJC_ISA_USAGE = YES_ERROR;
				CLANG_WARN_EMPTY_BODY = YES;
				CLANG_WARN_ENUM_CONVERSION = YES;
				CLANG_WARN_INT_CONVERSION = YES;
				CLANG_WARN_OBJC_ROOT_CLASS = YES_ERROR;
				CLANG_WARN_UNREACHABLE_CODE = YES;
				CLANG_WARN__DUPLICATE_METHOD_MATCH = YES;
				CODE_SIGN_IDENTITY = "-";
				COPY_PHASE_STRIP = NO;
				DEBUG_INFORMATION_FORMAT = "dwarf-with-dsym";
				ENABLE_NS_ASSERTIONS = NO;
				ENABLE_STRICT_OBJC_MSGSEND = YES;
				GCC_C_LANGUAGE_STANDARD = gnu99;
				GCC_NO_COMMON_BLOCKS = YES;
				GCC_WARN_64_TO_32_BIT_CONVERSION = YES;
				GCC_WARN_ABOUT_RETURN_TYPE = YES_ERROR;
				GCC_WARN_UNDECLARED_SELECTOR = YES;
				GCC_WARN_UNINITIALIZED_AUTOS = YES_AGGRESSIVE;
				GCC_WARN_UNUSED_FUNCTION = YES;
				GCC_WARN_UNUSED_VARIABLE = YES;
				MACOSX_DEPLOYMENT_TARGET = 10.10;
				MTL_ENABLE_DEBUG_INFO = NO;
				SDKROOT = macosx;
			};
			name = Release;
		};
		93080C711CB6DA2000D52D9C /* Debug */ = {
			isa = XCBuildConfiguration;
			buildSettings = {
				PRODUCT_NAME = "$(TARGET_NAME)";
			};
			name = Debug;
		};
		93080C721CB6DA2000D52D9C /* Release */ = {
			isa = XCBuildConfiguration;
			buildSettings = {
				PRODUCT_NAME = "$(TARGET_NAME)";
			};
			name = Release;
		};
/* End XCBuildConfiguration section */

/* Begin XCConfigurationList section */
		93080C641CB6DA2000D52D9C /* Build configuration list for PBXProject "LCHW" */ = {
			isa = XCConfigurationList;
			buildConfigurations = (
				93080C6E1CB6DA2000D52D9C /* Debug */,
				93080C6F1CB6DA2000D52D9C /* Release */,
			);
			defaultConfigurationIsVisible = 0;
			defaultConfigurationName = Release;
		};
		93080C701CB6DA2000D52D9C /* Build configuration list for PBXNativeTarget "LCHW" */ = {
			isa = XCConfigurationList;
			buildConfigurations = (
				93080C711CB6DA2000D52D9C /* Debug */,
				93080C721CB6DA2000D52D9C /* Release */,
			);
			defaultConfigurationIsVisible = 0;
			defaultConfigurationName = Release;
		};
/* End XCConfigurationList section */
	};
	rootObject = 93080C611CB6DA2000D52D9C /* Project object */;
}
